// !$*UTF8*$!
{
	archiveVersion = 1;
	classes = {
	};
	objectVersion = 50;
	objects = {

/* Begin PBXBuildFile section */
		18215B422122B6AE00EBDCE8 /* UIViewExtension.swift in Sources */ = {isa = PBXBuildFile; fileRef = 18215B412122B6AE00EBDCE8 /* UIViewExtension.swift */; };
		18215B4421235A7300EBDCE8 /* LatestResult.swift in Sources */ = {isa = PBXBuildFile; fileRef = 18215B4321235A7300EBDCE8 /* LatestResult.swift */; };
		182476CA2120A72000E07FDA /* SearchResult.swift in Sources */ = {isa = PBXBuildFile; fileRef = 182476C92120A72000E07FDA /* SearchResult.swift */; };
		182476CC2120B0F000E07FDA /* Photo.swift in Sources */ = {isa = PBXBuildFile; fileRef = 182476CB2120B0F000E07FDA /* Photo.swift */; };
		182476CF212184DF00E07FDA /* AppAppearance.swift in Sources */ = {isa = PBXBuildFile; fileRef = 182476CE212184DF00E07FDA /* AppAppearance.swift */; };
		182476D32121EC3F00E07FDA /* DetailViewController.swift in Sources */ = {isa = PBXBuildFile; fileRef = 182476D22121EC3E00E07FDA /* DetailViewController.swift */; };
		18273EA6211DA39C00D4DE47 /* AppDelegate.swift in Sources */ = {isa = PBXBuildFile; fileRef = 18273EA5211DA39C00D4DE47 /* AppDelegate.swift */; };
		18273EA8211DA39C00D4DE47 /* SearchViewController.swift in Sources */ = {isa = PBXBuildFile; fileRef = 18273EA7211DA39C00D4DE47 /* SearchViewController.swift */; };
		18273EAB211DA39C00D4DE47 /* Main.storyboard in Resources */ = {isa = PBXBuildFile; fileRef = 18273EA9211DA39C00D4DE47 /* Main.storyboard */; };
		18273EAD211DA39F00D4DE47 /* Assets.xcassets in Resources */ = {isa = PBXBuildFile; fileRef = 18273EAC211DA39F00D4DE47 /* Assets.xcassets */; };
		18273EB0211DA39F00D4DE47 /* LaunchScreen.storyboard in Resources */ = {isa = PBXBuildFile; fileRef = 18273EAE211DA39F00D4DE47 /* LaunchScreen.storyboard */; };
		18273EB8211DE9AF00D4DE47 /* Constants.swift in Sources */ = {isa = PBXBuildFile; fileRef = 18273EB7211DE9AE00D4DE47 /* Constants.swift */; };
		18273EBA211EFF5D00D4DE47 /* PhotoCell.swift in Sources */ = {isa = PBXBuildFile; fileRef = 18273EB9211EFF5C00D4DE47 /* PhotoCell.swift */; };
		18273EBC211EFFDD00D4DE47 /* CollectionReusableView.swift in Sources */ = {isa = PBXBuildFile; fileRef = 18273EBB211EFFDD00D4DE47 /* CollectionReusableView.swift */; };
		18273EBE211F04AC00D4DE47 /* PhotoAPI.swift in Sources */ = {isa = PBXBuildFile; fileRef = 18273EBD211F04AC00D4DE47 /* PhotoAPI.swift */; };
		EEC79F583F01A26C95B05676 /* Pods_HeadyMoviewBrowser.framework in Frameworks */ = {isa = PBXBuildFile; fileRef = E7F682911ECF580CECFCCA8C /* Pods_HeadyMoviewBrowser.framework */; };
/* End PBXBuildFile section */

/* Begin PBXFileReference section */
		0F940952EE9C5FA3DADED263 /* Pods-HeadyMoviewBrowser.release.xcconfig */ = {isa = PBXFileReference; includeInIndex = 1; lastKnownFileType = text.xcconfig; name = "Pods-HeadyMoviewBrowser.release.xcconfig"; path = "Pods/Target Support Files/Pods-HeadyMoviewBrowser/Pods-HeadyMoviewBrowser.release.xcconfig"; sourceTree = "<group>"; };
		18215B412122B6AE00EBDCE8 /* UIViewExtension.swift */ = {isa = PBXFileReference; lastKnownFileType = sourcecode.swift; path = UIViewExtension.swift; sourceTree = "<group>"; };
		18215B4321235A7300EBDCE8 /* LatestResult.swift */ = {isa = PBXFileReference; lastKnownFileType = sourcecode.swift; path = LatestResult.swift; sourceTree = "<group>"; };
		182476C92120A72000E07FDA /* SearchResult.swift */ = {isa = PBXFileReference; lastKnownFileType = sourcecode.swift; path = SearchResult.swift; sourceTree = "<group>"; };
		182476CB2120B0F000E07FDA /* Photo.swift */ = {isa = PBXFileReference; lastKnownFileType = sourcecode.swift; path = Photo.swift; sourceTree = "<group>"; };
		182476CE212184DF00E07FDA /* AppAppearance.swift */ = {isa = PBXFileReference; lastKnownFileType = sourcecode.swift; path = AppAppearance.swift; sourceTree = "<group>"; };
		182476D22121EC3E00E07FDA /* DetailViewController.swift */ = {isa = PBXFileReference; lastKnownFileType = sourcecode.swift; name = DetailViewController.swift; path = HeadyMoviewBrowser/ViewControllers/DetailViewController.swift; sourceTree = SOURCE_ROOT; };
		18273EA2211DA39C00D4DE47 /* HeadyMoviewBrowser.app */ = {isa = PBXFileReference; explicitFileType = wrapper.application; includeInIndex = 0; path = HeadyMoviewBrowser.app; sourceTree = BUILT_PRODUCTS_DIR; };
		18273EA5211DA39C00D4DE47 /* AppDelegate.swift */ = {isa = PBXFileReference; lastKnownFileType = sourcecode.swift; path = AppDelegate.swift; sourceTree = "<group>"; };
		18273EA7211DA39C00D4DE47 /* SearchViewController.swift */ = {isa = PBXFileReference; lastKnownFileType = sourcecode.swift; path = SearchViewController.swift; sourceTree = "<group>"; };
		18273EAA211DA39C00D4DE47 /* Base */ = {isa = PBXFileReference; lastKnownFileType = file.storyboard; name = Base; path = Base.lproj/Main.storyboard; sourceTree = "<group>"; };
		18273EAC211DA39F00D4DE47 /* Assets.xcassets */ = {isa = PBXFileReference; lastKnownFileType = folder.assetcatalog; path = Assets.xcassets; sourceTree = "<group>"; };
		18273EAF211DA39F00D4DE47 /* Base */ = {isa = PBXFileReference; lastKnownFileType = file.storyboard; name = Base; path = Base.lproj/LaunchScreen.storyboard; sourceTree = "<group>"; };
		18273EB1211DA39F00D4DE47 /* Info.plist */ = {isa = PBXFileReference; lastKnownFileType = text.plist.xml; path = Info.plist; sourceTree = "<group>"; };
		18273EB7211DE9AE00D4DE47 /* Constants.swift */ = {isa = PBXFileReference; lastKnownFileType = sourcecode.swift; path = Constants.swift; sourceTree = "<group>"; };
		18273EB9211EFF5C00D4DE47 /* PhotoCell.swift */ = {isa = PBXFileReference; lastKnownFileType = sourcecode.swift; path = PhotoCell.swift; sourceTree = "<group>"; };
		18273EBB211EFFDD00D4DE47 /* CollectionReusableView.swift */ = {isa = PBXFileReference; lastKnownFileType = sourcecode.swift; path = CollectionReusableView.swift; sourceTree = "<group>"; };
		18273EBD211F04AC00D4DE47 /* PhotoAPI.swift */ = {isa = PBXFileReference; lastKnownFileType = sourcecode.swift; path = PhotoAPI.swift; sourceTree = "<group>"; };
		395A15F5A76F15059F417526 /* Pods-HeadyMoviewBrowser.debug.xcconfig */ = {isa = PBXFileReference; includeInIndex = 1; lastKnownFileType = text.xcconfig; name = "Pods-HeadyMoviewBrowser.debug.xcconfig"; path = "Pods/Target Support Files/Pods-HeadyMoviewBrowser/Pods-HeadyMoviewBrowser.debug.xcconfig"; sourceTree = "<group>"; };
		E7F682911ECF580CECFCCA8C /* Pods_HeadyMoviewBrowser.framework */ = {isa = PBXFileReference; explicitFileType = wrapper.framework; includeInIndex = 0; path = Pods_HeadyMoviewBrowser.framework; sourceTree = BUILT_PRODUCTS_DIR; };
/* End PBXFileReference section */

/* Begin PBXFrameworksBuildPhase section */
		18273E9F211DA39C00D4DE47 /* Frameworks */ = {
			isa = PBXFrameworksBuildPhase;
			buildActionMask = 2147483647;
			files = (
				EEC79F583F01A26C95B05676 /* Pods_HeadyMoviewBrowser.framework in Frameworks */,
			);
			runOnlyForDeploymentPostprocessing = 0;
		};
/* End PBXFrameworksBuildPhase section */

/* Begin PBXGroup section */
		182476C421209A9800E07FDA /* ViewControllers */ = {
			isa = PBXGroup;
			children = (
				18273EA7211DA39C00D4DE47 /* SearchViewController.swift */,
				182476D22121EC3E00E07FDA /* DetailViewController.swift */,
			);
			path = ViewControllers;
			sourceTree = "<group>";
		};
		182476C521209B1C00E07FDA /* Networking */ = {
			isa = PBXGroup;
			children = (
				18273EBD211F04AC00D4DE47 /* PhotoAPI.swift */,
			);
			path = Networking;
			sourceTree = "<group>";
		};
		182476C621209D1E00E07FDA /* Views */ = {
			isa = PBXGroup;
			children = (
				18273EBB211EFFDD00D4DE47 /* CollectionReusableView.swift */,
				18273EB9211EFF5C00D4DE47 /* PhotoCell.swift */,
			);
			path = Views;
			sourceTree = "<group>";
		};
		182476C82120A6F800E07FDA /* Model */ = {
			isa = PBXGroup;
			children = (
				182476C92120A72000E07FDA /* SearchResult.swift */,
				18215B4321235A7300EBDCE8 /* LatestResult.swift */,
				18273EB7211DE9AE00D4DE47 /* Constants.swift */,
				182476CB2120B0F000E07FDA /* Photo.swift */,
			);
			path = Model;
			sourceTree = "<group>";
		};
		182476CD212184B500E07FDA /* Utils */ = {
			isa = PBXGroup;
			children = (
				18215B412122B6AE00EBDCE8 /* UIViewExtension.swift */,
				182476CE212184DF00E07FDA /* AppAppearance.swift */,
			);
			path = Utils;
			sourceTree = "<group>";
		};
		18273E99211DA39B00D4DE47 = {
			isa = PBXGroup;
			children = (
				18273EA4211DA39C00D4DE47 /* HeadyMoviewBrowser */,
				18273EA3211DA39C00D4DE47 /* Products */,
				CE2306E96D8B4681D6414AF8 /* Pods */,
				9429EF74AB9730F15CA86BFC /* Frameworks */,
			);
			sourceTree = "<group>";
		};
		18273EA3211DA39C00D4DE47 /* Products */ = {
			isa = PBXGroup;
			children = (
				18273EA2211DA39C00D4DE47 /* HeadyMoviewBrowser.app */,
			);
			name = Products;
			sourceTree = "<group>";
		};
		18273EA4211DA39C00D4DE47 /* HeadyMoviewBrowser */ = {
			isa = PBXGroup;
			children = (
				18273EA5211DA39C00D4DE47 /* AppDelegate.swift */,
				182476CD212184B500E07FDA /* Utils */,
				182476C82120A6F800E07FDA /* Model */,
				182476C621209D1E00E07FDA /* Views */,
				182476C421209A9800E07FDA /* ViewControllers */,
				182476C521209B1C00E07FDA /* Networking */,
				18273EA9211DA39C00D4DE47 /* Main.storyboard */,
				18273EAC211DA39F00D4DE47 /* Assets.xcassets */,
				18273EAE211DA39F00D4DE47 /* LaunchScreen.storyboard */,
				18273EB1211DA39F00D4DE47 /* Info.plist */,
			);
			path = HeadyMoviewBrowser;
			sourceTree = "<group>";
		};
		9429EF74AB9730F15CA86BFC /* Frameworks */ = {
			isa = PBXGroup;
			children = (
				E7F682911ECF580CECFCCA8C /* Pods_HeadyMoviewBrowser.framework */,
			);
			name = Frameworks;
			sourceTree = "<group>";
		};
		CE2306E96D8B4681D6414AF8 /* Pods */ = {
			isa = PBXGroup;
			children = (
				395A15F5A76F15059F417526 /* Pods-HeadyMoviewBrowser.debug.xcconfig */,
				0F940952EE9C5FA3DADED263 /* Pods-HeadyMoviewBrowser.release.xcconfig */,
			);
			name = Pods;
			sourceTree = "<group>";
		};
/* End PBXGroup section */

/* Begin PBXNativeTarget section */
		18273EA1211DA39C00D4DE47 /* HeadyMoviewBrowser */ = {
			isa = PBXNativeTarget;
			buildConfigurationList = 18273EB4211DA39F00D4DE47 /* Build configuration list for PBXNativeTarget "HeadyMoviewBrowser" */;
			buildPhases = (
				5DEC902F79E281D397626AF2 /* [CP] Check Pods Manifest.lock */,
				18273E9E211DA39C00D4DE47 /* Sources */,
				18273E9F211DA39C00D4DE47 /* Frameworks */,
				18273EA0211DA39C00D4DE47 /* Resources */,
				DFA3C8F01CF6966B9204B4A3 /* [CP] Embed Pods Frameworks */,
			);
			buildRules = (
			);
			dependencies = (
			);
			name = HeadyMoviewBrowser;
			productName = HeadyMoviewBrowser;
			productReference = 18273EA2211DA39C00D4DE47 /* HeadyMoviewBrowser.app */;
			productType = "com.apple.product-type.application";
		};
/* End PBXNativeTarget section */

/* Begin PBXProject section */
		18273E9A211DA39B00D4DE47 /* Project object */ = {
			isa = PBXProject;
			attributes = {
				LastSwiftUpdateCheck = 0940;
				LastUpgradeCheck = 0940;
				ORGANIZATIONNAME = chhayatiwari;
				TargetAttributes = {
					18273EA1211DA39C00D4DE47 = {
						CreatedOnToolsVersion = 9.4.1;
					};
				};
			};
			buildConfigurationList = 18273E9D211DA39B00D4DE47 /* Build configuration list for PBXProject "HeadyMoviewBrowser" */;
			compatibilityVersion = "Xcode 9.3";
			developmentRegion = en;
			hasScannedForEncodings = 0;
			knownRegions = (
				en,
				Base,
			);
			mainGroup = 18273E99211DA39B00D4DE47;
			productRefGroup = 18273EA3211DA39C00D4DE47 /* Products */;
			projectDirPath = "";
			projectRoot = "";
			targets = (
				18273EA1211DA39C00D4DE47 /* HeadyMoviewBrowser */,
			);
		};
/* End PBXProject section */

/* Begin PBXResourcesBuildPhase section */
		18273EA0211DA39C00D4DE47 /* Resources */ = {
			isa = PBXResourcesBuildPhase;
			buildActionMask = 2147483647;
			files = (
				18273EB0211DA39F00D4DE47 /* LaunchScreen.storyboard in Resources */,
				18273EAD211DA39F00D4DE47 /* Assets.xcassets in Resources */,
				18273EAB211DA39C00D4DE47 /* Main.storyboard in Resources */,
			);
			runOnlyForDeploymentPostprocessing = 0;
		};
/* End PBXResourcesBuildPhase section */

/* Begin PBXShellScriptBuildPhase section */
		5DEC902F79E281D397626AF2 /* [CP] Check Pods Manifest.lock */ = {
			isa = PBXShellScriptBuildPhase;
			buildActionMask = 2147483647;
			files = (
			);
			inputPaths = (
				"${PODS_PODFILE_DIR_PATH}/Podfile.lock",
				"${PODS_ROOT}/Manifest.lock",
			);
			name = "[CP] Check Pods Manifest.lock";
			outputPaths = (
				"$(DERIVED_FILE_DIR)/Pods-HeadyMoviewBrowser-checkManifestLockResult.txt",
			);
			runOnlyForDeploymentPostprocessing = 0;
			shellPath = /bin/sh;
			shellScript = "diff \"${PODS_PODFILE_DIR_PATH}/Podfile.lock\" \"${PODS_ROOT}/Manifest.lock\" > /dev/null\nif [ $? != 0 ] ; then\n    # print error to STDERR\n    echo \"error: The sandbox is not in sync with the Podfile.lock. Run 'pod install' or update your CocoaPods installation.\" >&2\n    exit 1\nfi\n# This output is used by Xcode 'outputs' to avoid re-running this script phase.\necho \"SUCCESS\" > \"${SCRIPT_OUTPUT_FILE_0}\"\n";
			showEnvVarsInLog = 0;
		};
		DFA3C8F01CF6966B9204B4A3 /* [CP] Embed Pods Frameworks */ = {
			isa = PBXShellScriptBuildPhase;
			buildActionMask = 2147483647;
			files = (
			);
			inputPaths = (
				"${SRCROOT}/Pods/Target Support Files/Pods-HeadyMoviewBrowser/Pods-HeadyMoviewBrowser-frameworks.sh",
				"${BUILT_PRODUCTS_DIR}/Alamofire/Alamofire.framework",
				"${BUILT_PRODUCTS_DIR}/AlamofireImage/AlamofireImage.framework",
				"${BUILT_PRODUCTS_DIR}/SDWebImage/SDWebImage.framework",
				"${BUILT_PRODUCTS_DIR}/SnapKit/SnapKit.framework",
				"${BUILT_PRODUCTS_DIR}/Unbox/Unbox.framework",
				"${BUILT_PRODUCTS_DIR}/UnboxedAlamofire/UnboxedAlamofire.framework",
			);
			name = "[CP] Embed Pods Frameworks";
			outputPaths = (
				"${TARGET_BUILD_DIR}/${FRAMEWORKS_FOLDER_PATH}/Alamofire.framework",
				"${TARGET_BUILD_DIR}/${FRAMEWORKS_FOLDER_PATH}/AlamofireImage.framework",
				"${TARGET_BUILD_DIR}/${FRAMEWORKS_FOLDER_PATH}/SDWebImage.framework",
				"${TARGET_BUILD_DIR}/${FRAMEWORKS_FOLDER_PATH}/SnapKit.framework",
				"${TARGET_BUILD_DIR}/${FRAMEWORKS_FOLDER_PATH}/Unbox.framework",
				"${TARGET_BUILD_DIR}/${FRAMEWORKS_FOLDER_PATH}/UnboxedAlamofire.framework",
			);
			runOnlyForDeploymentPostprocessing = 0;
			shellPath = /bin/sh;
			shellScript = "\"${SRCROOT}/Pods/Target Support Files/Pods-HeadyMoviewBrowser/Pods-HeadyMoviewBrowser-frameworks.sh\"\n";
			showEnvVarsInLog = 0;
		};
/* End PBXShellScriptBuildPhase section */

/* Begin PBXSourcesBuildPhase section */
		18273E9E211DA39C00D4DE47 /* Sources */ = {
			isa = PBXSourcesBuildPhase;
			buildActionMask = 2147483647;
			files = (
				182476CC2120B0F000E07FDA /* Photo.swift in Sources */,
				18273EB8211DE9AF00D4DE47 /* Constants.swift in Sources */,
				18215B4421235A7300EBDCE8 /* LatestResult.swift in Sources */,
				18215B422122B6AE00EBDCE8 /* UIViewExtension.swift in Sources */,
				182476CA2120A72000E07FDA /* SearchResult.swift in Sources */,
				18273EBE211F04AC00D4DE47 /* PhotoAPI.swift in Sources */,
				18273EBC211EFFDD00D4DE47 /* CollectionReusableView.swift in Sources */,
				18273EA8211DA39C00D4DE47 /* SearchViewController.swift in Sources */,
				18273EBA211EFF5D00D4DE47 /* PhotoCell.swift in Sources */,
				182476D32121EC3F00E07FDA /* DetailViewController.swift in Sources */,
				18273EA6211DA39C00D4DE47 /* AppDelegate.swift in Sources */,
				182476CF212184DF00E07FDA /* AppAppearance.swift in Sources */,
			);
			runOnlyForDeploymentPostprocessing = 0;
		};
/* End PBXSourcesBuildPhase section */

/* Begin PBXVariantGroup section */
		18273EA9211DA39C00D4DE47 /* Main.storyboard */ = {
			isa = PBXVariantGroup;
			children = (
				18273EAA211DA39C00D4DE47 /* Base */,
			);
			name = Main.storyboard;
			sourceTree = "<group>";
		};
		18273EAE211DA39F00D4DE47 /* LaunchScreen.storyboard */ = {
			isa = PBXVariantGroup;
			children = (
				18273EAF211DA39F00D4DE47 /* Base */,
			);
			name = LaunchScreen.storyboard;
			sourceTree = "<group>";
		};
/* End PBXVariantGroup section */

/* Begin XCBuildConfiguration section */
		18273EB2211DA39F00D4DE47 /* Debug */ = {
			isa = XCBuildConfiguration;
			buildSettings = {
				ALWAYS_SEARCH_USER_PATHS = NO;
				CLANG_ANALYZER_NONNULL = YES;
				CLANG_ANALYZER_NUMBER_OBJECT_CONVERSION = YES_AGGRESSIVE;
				CLANG_CXX_LANGUAGE_STANDARD = "gnu++14";
				CLANG_CXX_LIBRARY = "libc++";
				CLANG_ENABLE_MODULES = YES;
				CLANG_ENABLE_OBJC_ARC = YES;
				CLANG_ENABLE_OBJC_WEAK = YES;
				CLANG_WARN_BLOCK_CAPTURE_AUTORELEASING = YES;
				CLANG_WARN_BOOL_CONVERSION = YES;
				CLANG_WARN_COMMA = YES;
				CLANG_WARN_CONSTANT_CONVERSION = YES;
				CLANG_WARN_DEPRECATED_OBJC_IMPLEMENTATIONS = YES;
				CLANG_WARN_DIRECT_OBJC_ISA_USAGE = YES_ERROR;
				CLANG_WARN_DOCUMENTATION_COMMENTS = YES;
				CLANG_WARN_EMPTY_BODY = YES;
				CLANG_WARN_ENUM_CONVERSION = YES;
				CLANG_WARN_INFINITE_RECURSION = YES;
				CLANG_WARN_INT_CONVERSION = YES;
				CLANG_WARN_NON_LITERAL_NULL_CONVERSION = YES;
				CLANG_WARN_OBJC_IMPLICIT_RETAIN_SELF = YES;
				CLANG_WARN_OBJC_LITERAL_CONVERSION = YES;
				CLANG_WARN_OBJC_ROOT_CLASS = YES_ERROR;
				CLANG_WARN_RANGE_LOOP_ANALYSIS = YES;
				CLANG_WARN_STRICT_PROTOTYPES = YES;
				CLANG_WARN_SUSPICIOUS_MOVE = YES;
				CLANG_WARN_UNGUARDED_AVAILABILITY = YES_AGGRESSIVE;
				CLANG_WARN_UNREACHABLE_CODE = YES;
				CLANG_WARN__DUPLICATE_METHOD_MATCH = YES;
				CODE_SIGN_IDENTITY = "iPhone Developer";
				COPY_PHASE_STRIP = NO;
				DEBUG_INFORMATION_FORMAT = dwarf;
				ENABLE_STRICT_OBJC_MSGSEND = YES;
				ENABLE_TESTABILITY = YES;
				GCC_C_LANGUAGE_STANDARD = gnu11;
				GCC_DYNAMIC_NO_PIC = NO;
				GCC_NO_COMMON_BLOCKS = YES;
				GCC_OPTIMIZATION_LEVEL = 0;
				GCC_PREPROCESSOR_DEFINITIONS = (
					"DEBUG=1",
					"$(inherited)",
				);
				GCC_WARN_64_TO_32_BIT_CONVERSION = YES;
				GCC_WARN_ABOUT_RETURN_TYPE = YES_ERROR;
				GCC_WARN_UNDECLARED_SELECTOR = YES;
				GCC_WARN_UNINITIALIZED_AUTOS = YES_AGGRESSIVE;
				GCC_WARN_UNUSED_FUNCTION = YES;
				GCC_WARN_UNUSED_VARIABLE = YES;
				IPHONEOS_DEPLOYMENT_TARGET = 11.4;
				MTL_ENABLE_DEBUG_INFO = YES;
				ONLY_ACTIVE_ARCH = YES;
				SDKROOT = iphoneos;
				SWIFT_ACTIVE_COMPILATION_CONDITIONS = DEBUG;
				SWIFT_OPTIMIZATION_LEVEL = "-Onone";
			};
			name = Debug;
		};
		18273EB3211DA39F00D4DE47 /* Release */ = {
			isa = XCBuildConfiguration;
			buildSettings = {
				ALWAYS_SEARCH_USER_PATHS = NO;
				CLANG_ANALYZER_NONNULL = YES;
				CLANG_ANALYZER_NUMBER_OBJECT_CONVERSION = YES_AGGRESSIVE;
				CLANG_CXX_LANGUAGE_STANDARD = "gnu++14";
				CLANG_CXX_LIBRARY = "libc++";
				CLANG_ENABLE_MODULES = YES;
				CLANG_ENABLE_OBJC_ARC = YES;
				CLANG_ENABLE_OBJC_WEAK = YES;
				CLANG_WARN_BLOCK_CAPTURE_AUTORELEASING = YES;
				CLANG_WARN_BOOL_CONVERSION = YES;
				CLANG_WARN_COMMA = YES;
				CLANG_WARN_CONSTANT_CONVERSION = YES;
				CLANG_WARN_DEPRECATED_OBJC_IMPLEMENTATIONS = YES;
				CLANG_WARN_DIRECT_OBJC_ISA_USAGE = YES_ERROR;
				CLANG_WARN_DOCUMENTATION_COMMENTS = YES;
				CLANG_WARN_EMPTY_BODY = YES;
				CLANG_WARN_ENUM_CONVERSION = YES;
				CLANG_WARN_INFINITE_RECURSION = YES;
				CLANG_WARN_INT_CONVERSION = YES;
				CLANG_WARN_NON_LITERAL_NULL_CONVERSION = YES;
				CLANG_WARN_OBJC_IMPLICIT_RETAIN_SELF = YES;
				CLANG_WARN_OBJC_LITERAL_CONVERSION = YES;
				CLANG_WARN_OBJC_ROOT_CLASS = YES_ERROR;
				CLANG_WARN_RANGE_LOOP_ANALYSIS = YES;
				CLANG_WARN_STRICT_PROTOTYPES = YES;
				CLANG_WARN_SUSPICIOUS_MOVE = YES;
				CLANG_WARN_UNGUARDED_AVAILABILITY = YES_AGGRESSIVE;
				CLANG_WARN_UNREACHABLE_CODE = YES;
				CLANG_WARN__DUPLICATE_METHOD_MATCH = YES;
				CODE_SIGN_IDENTITY = "iPhone Developer";
				COPY_PHASE_STRIP = NO;
				DEBUG_INFORMATION_FORMAT = "dwarf-with-dsym";
				ENABLE_NS_ASSERTIONS = NO;
				ENABLE_STRICT_OBJC_MSGSEND = YES;
				GCC_C_LANGUAGE_STANDARD = gnu11;
				GCC_NO_COMMON_BLOCKS = YES;
				GCC_WARN_64_TO_32_BIT_CONVERSION = YES;
				GCC_WARN_ABOUT_RETURN_TYPE = YES_ERROR;
				GCC_WARN_UNDECLARED_SELECTOR = YES;
				GCC_WARN_UNINITIALIZED_AUTOS = YES_AGGRESSIVE;
				GCC_WARN_UNUSED_FUNCTION = YES;
				GCC_WARN_UNUSED_VARIABLE = YES;
				IPHONEOS_DEPLOYMENT_TARGET = 11.4;
				MTL_ENABLE_DEBUG_INFO = NO;
				SDKROOT = iphoneos;
				SWIFT_COMPILATION_MODE = wholemodule;
				SWIFT_OPTIMIZATION_LEVEL = "-O";
				VALIDATE_PRODUCT = YES;
			};
			name = Release;
		};
		18273EB5211DA39F00D4DE47 /* Debug */ = {
			isa = XCBuildConfiguration;
			baseConfigurationReference = 395A15F5A76F15059F417526 /* Pods-HeadyMoviewBrowser.debug.xcconfig */;
			buildSettings = {
				ASSETCATALOG_COMPILER_APPICON_NAME = AppIcon;
				CODE_SIGN_STYLE = Automatic;
				DEVELOPMENT_TEAM = 9T3NX6NLA5;
				INFOPLIST_FILE = HeadyMoviewBrowser/Info.plist;
				LD_RUNPATH_SEARCH_PATHS = (
					"$(inherited)",
					"@executable_path/Frameworks",
				);
				PRODUCT_BUNDLE_IDENTIFIER = ChhayaTiwari.HeadyMoviewBrowser;
				PRODUCT_NAME = "$(TARGET_NAME)";
				SWIFT_VERSION = 4.0;
				TARGETED_DEVICE_FAMILY = "1,2";
			};
			name = Debug;
		};
		18273EB6211DA39F00D4DE47 /* Release */ = {
			isa = XCBuildConfiguration;
			baseConfigurationReference = 0F940952EE9C5FA3DADED263 /* Pods-HeadyMoviewBrowser.release.xcconfig */;
			buildSettings = {
				ASSETCATALOG_COMPILER_APPICON_NAME = AppIcon;
				CODE_SIGN_STYLE = Automatic;
				DEVELOPMENT_TEAM = 9T3NX6NLA5;
				INFOPLIST_FILE = HeadyMoviewBrowser/Info.plist;
				LD_RUNPATH_SEARCH_PATHS = (
					"$(inherited)",
					"@executable_path/Frameworks",
				);
				PRODUCT_BUNDLE_IDENTIFIER = ChhayaTiwari.HeadyMoviewBrowser;
				PRODUCT_NAME = "$(TARGET_NAME)";
				SWIFT_VERSION = 4.0;
				TARGETED_DEVICE_FAMILY = "1,2";
			};
			name = Release;
		};
/* End XCBuildConfiguration section */

/* Begin XCConfigurationList section */
		18273E9D211DA39B00D4DE47 /* Build configuration list for PBXProject "HeadyMoviewBrowser" */ = {
			isa = XCConfigurationList;
			buildConfigurations = (
				18273EB2211DA39F00D4DE47 /* Debug */,
				18273EB3211DA39F00D4DE47 /* Release */,
			);
			defaultConfigurationIsVisible = 0;
			defaultConfigurationName = Release;
		};
		18273EB4211DA39F00D4DE47 /* Build configuration list for PBXNativeTarget "HeadyMoviewBrowser" */ = {
			isa = XCConfigurationList;
			buildConfigurations = (
				18273EB5211DA39F00D4DE47 /* Debug */,
				18273EB6211DA39F00D4DE47 /* Release */,
			);
			defaultConfigurationIsVisible = 0;
			defaultConfigurationName = Release;
		};
/* End XCConfigurationList section */
	};
	rootObject = 18273E9A211DA39B00D4DE47 /* Project object */;
}
